
Microsoft Visual Studio Solution File, Format Version 12.00
# Visual Studio Version 16
VisualStudioVersion = 16.0.33214.272
MinimumVisualStudioVersion = 10.0.40219.1
Project("{8BC9CEB8-8B4A-11D0-8D11-00A0C91BC942}") = "code_gen", "code_gen\code_gen.vcxproj", "{BD72D35D-9081-450D-9D90-FDDEC0392180}"
EndProject
Global
	GlobalSection(SolutionConfigurationPlatforms) = preSolution
		Debug|x64 = Debug|x64
		Debug|x86 = Debug|x86
		Release|x64 = Release|x64
		Release|x86 = Release|x86
	EndGlobalSection
	GlobalSection(ProjectConfigurationPlatforms) = postSolution
		{BD72D35D-9081-450D-9D90-FDDEC0392180}.Debug|x64.ActiveCfg = Release|x64
		{BD72D35D-9081-450D-9D90-FDDEC0392180}.Debug|x64.Build.0 = Release|x64
		{BD72D35D-9081-450D-9D90-FDDEC0392180}.Debug|x86.ActiveCfg = Debug|Win32
		{BD72D35D-9081-450D-9D90-FDDEC0392180}.Debug|x86.Build.0 = Debug|Win32
		{BD72D35D-9081-450D-9D90-FDDEC0392180}.Release|x64.ActiveCfg = Release|Win32
		{BD72D35D-9081-450D-9D90-FDDEC0392180}.Release|x64.Build.0 = Release|Win32
		{BD72D35D-9081-450D-9D90-FDDEC0392180}.Release|x86.ActiveCfg = Release|Win32
		{BD72D35D-9081-450D-9D90-FDDEC0392180}.Release|x86.Build.0 = Release|Win32
	EndGlobalSection
	GlobalSection(SolutionProperties) = preSolution
		HideSolutionNode = FALSE
	EndGlobalSection
	GlobalSection(ExtensibilityGlobals) = postSolution
		SolutionGuid = {68765ED4-05C4-4716-A3C1-967755297B77}
	EndGlobalSection
EndGlobal
